
Microsoft Visual Studio Solution File, Format Version 12.00
# Visual Studio 15
VisualStudioVersion = 15.0.28307.168
MinimumVisualStudioVersion = 10.0.40219.1
Project("{FAE04EC0-301F-11D3-BF4B-00C04F79EFBC}") = "CSD3354-2-Assignment- 2", "CSD3354-2-Assignment- 2\CSD3354-2-Assignment- 2.csproj", "{1AAA2FF4-1391-413A-B2BE-30C736A7465A}"
EndProject
Global
	GlobalSection(SolutionConfigurationPlatforms) = preSolution
		Debug|Any CPU = Debug|Any CPU
		Release|Any CPU = Release|Any CPU
	EndGlobalSection
	GlobalSection(ProjectConfigurationPlatforms) = postSolution
		{1AAA2FF4-1391-413A-B2BE-30C736A7465A}.Debug|Any CPU.ActiveCfg = Debug|Any CPU
		{1AAA2FF4-1391-413A-B2BE-30C736A7465A}.Debug|Any CPU.Build.0 = Debug|Any CPU
		{1AAA2FF4-1391-413A-B2BE-30C736A7465A}.Release|Any CPU.ActiveCfg = Release|Any CPU
		{1AAA2FF4-1391-413A-B2BE-30C736A7465A}.Release|Any CPU.Build.0 = Release|Any CPU
	EndGlobalSection
	GlobalSection(SolutionProperties) = preSolution
		HideSolutionNode = FALSE
	EndGlobalSection
	GlobalSection(ExtensibilityGlobals) = postSolution
		SolutionGuid = {DFE645BE-BB47-4408-9637-35BF3AABEDE7}
	EndGlobalSection
EndGlobal
